
Microsoft Visual Studio Solution File, Format Version 12.00
# Visual Studio Version 17
VisualStudioVersion = 17.14.37216.2 d17.14
MinimumVisualStudioVersion = 10.0.40219.1
Project("{FAE04EC0-301F-11D3-BF4B-00C04F79EFBC}") = "Maty-Movie", "Maty-Movie\Maty-Movie.csproj", "{DFEC42DB-9CB0-46EA-9C00-8A7F91BE4DF0}"
EndProject
Global
	GlobalSection(SolutionConfigurationPlatforms) = preSolution
		Debug|Any CPU = Debug|Any CPU
		Release|Any CPU = Release|Any CPU
	EndGlobalSection
	GlobalSection(ProjectConfigurationPlatforms) = postSolution
		{DFEC42DB-9CB0-46EA-9C00-8A7F91BE4DF0}.Debug|Any CPU.ActiveCfg = Debug|Any CPU
		{DFEC42DB-9CB0-46EA-9C00-8A7F91BE4DF0}.Debug|Any CPU.Build.0 = Debug|Any CPU
		{DFEC42DB-9CB0-46EA-9C00-8A7F91BE4DF0}.Release|Any CPU.ActiveCfg = Release|Any CPU
		{DFEC42DB-9CB0-46EA-9C00-8A7F91BE4DF0}.Release|Any CPU.Build.0 = Release|Any CPU
	EndGlobalSection
	GlobalSection(SolutionProperties) = preSolution
		HideSolutionNode = FALSE
	EndGlobalSection
	GlobalSection(ExtensibilityGlobals) = postSolution
		SolutionGuid = {F83996E9-9B9C-45EB-A4F7-07976C82D6E3}
	EndGlobalSection
EndGlobal
